
Microsoft Visual Studio Solution File, Format Version 12.00
# Visual Studio Version 17
VisualStudioVersion = 17.0.31903.59
MinimumVisualStudioVersion = 10.0.40219.1
Project("{FAE04EC0-301F-11D3-BF4B-00C04F79EFBC}") = "AdsumPater.Server", "AdsumPater.Server\AdsumPater.Server.csproj", "{031EC373-FA9F-4D29-8E36-566D8490DC81}"
EndProject
Project("{FAE04EC0-301F-11D3-BF4B-00C04F79EFBC}") = "AdsumPater.Core", "AdsumPater.Core\AdsumPater.Core.csproj", "{558D7C97-05D4-4EA8-B1FF-D12C23537FAD}"
EndProject
Project("{FAE04EC0-301F-11D3-BF4B-00C04F79EFBC}") = "AdsumPater.Infrastructure", "AdsumPater.Infrastructure\AdsumPater.Infrastructure.csproj", "{C8AC86D8-CE13-4F61-8390-2B2681A766A6}"
EndProject
Global
	GlobalSection(SolutionConfigurationPlatforms) = preSolution
		Debug|Any CPU = Debug|Any CPU
		Release|Any CPU = Release|Any CPU
	EndGlobalSection
	GlobalSection(SolutionProperties) = preSolution
		HideSolutionNode = FALSE
	EndGlobalSection
	GlobalSection(ProjectConfigurationPlatforms) = postSolution
		{031EC373-FA9F-4D29-8E36-566D8490DC81}.Debug|Any CPU.ActiveCfg = Debug|Any CPU
		{031EC373-FA9F-4D29-8E36-566D8490DC81}.Debug|Any CPU.Build.0 = Debug|Any CPU
		{031EC373-FA9F-4D29-8E36-566D8490DC81}.Release|Any CPU.ActiveCfg = Release|Any CPU
		{031EC373-FA9F-4D29-8E36-566D8490DC81}.Release|Any CPU.Build.0 = Release|Any CPU
		{558D7C97-05D4-4EA8-B1FF-D12C23537FAD}.Debug|Any CPU.ActiveCfg = Debug|Any CPU
		{558D7C97-05D4-4EA8-B1FF-D12C23537FAD}.Debug|Any CPU.Build.0 = Debug|Any CPU
		{558D7C97-05D4-4EA8-B1FF-D12C23537FAD}.Release|Any CPU.ActiveCfg = Release|Any CPU
		{558D7C97-05D4-4EA8-B1FF-D12C23537FAD}.Release|Any CPU.Build.0 = Release|Any CPU
		{C8AC86D8-CE13-4F61-8390-2B2681A766A6}.Debug|Any CPU.ActiveCfg = Debug|Any CPU
		{C8AC86D8-CE13-4F61-8390-2B2681A766A6}.Debug|Any CPU.Build.0 = Debug|Any CPU
		{C8AC86D8-CE13-4F61-8390-2B2681A766A6}.Release|Any CPU.ActiveCfg = Release|Any CPU
		{C8AC86D8-CE13-4F61-8390-2B2681A766A6}.Release|Any CPU.Build.0 = Release|Any CPU
	EndGlobalSection
EndGlobal
